{
  "requires": true,
  "lockfileVersion": 1,
  "dependencies": {
    "css-reset-and-normalize-sass": {
      "version": "0.1.2",
      "resolved": "https://registry.npmjs.org/css-reset-and-normalize-sass/-/css-reset-and-normalize-sass-0.1.2.tgz",
      "integrity": "sha1-+0+cJpYpsiZCaEWSqWiMGtzOGhc="
    }
  }
}
